{
  "version": 4,
  "terraform_version": "1.4.6",
  "serial": 93,
  "lineage": "4258924a-9e53-bbd9-6da5-03ab7b57d642",
  "outputs": {},
  "resources": [
    {
      "mode": "data",
      "type": "google_compute_zones",
      "name": "available",
      "provider": "provider[\"registry.terraform.io/hashicorp/google\"]",
      "instances": [
        {
          "index_key": "us-east1",
          "schema_version": 0,
          "attributes": {
            "id": "projects/big-passage-413523/regions/us-east1",
            "names": [
              "us-east1-b",
              "us-east1-c",
              "us-east1-d"
            ],
            "project": "big-passage-413523",
            "region": "us-east1",
            "status": null
          },
          "sensitive_attributes": []
        }
      ]
    },
    {
      "mode": "managed",
      "type": "google_compute_address",
      "name": "vm_external_ip",
      "provider": "provider[\"registry.terraform.io/hashicorp/google\"]",
      "instances": [
        {
          "index_key": "us-east1",
          "schema_version": 0,
          "attributes": {
            "address": "34.74.244.67",
            "address_type": "EXTERNAL",
            "creation_timestamp": "2024-02-24T12:56:48.750-08:00",
            "description": "",
            "id": "projects/big-passage-413523/regions/us-east1/addresses/vm-external-ip-us-east1",
            "name": "vm-external-ip-us-east1",
            "network": "",
            "network_tier": "PREMIUM",
            "prefix_length": 0,
            "project": "big-passage-413523",
            "purpose": "",
            "region": "us-east1",
            "self_link": "https://www.googleapis.com/compute/v1/projects/big-passage-413523/regions/us-east1/addresses/vm-external-ip-us-east1",
            "subnetwork": "",
            "timeouts": null,
            "users": [
              "https://www.googleapis.com/compute/v1/projects/big-passage-413523/zones/us-east1-b/instances/vm-e2-medium-us-east1"
            ]
          },
          "sensitive_attributes": [],
          "private": "eyJlMmJmYjczMC1lY2FhLTExZTYtOGY4OC0zNDM2M2JjN2M0YzAiOnsiY3JlYXRlIjoyNDAwMDAwMDAwMDAsImRlbGV0ZSI6MjQwMDAwMDAwMDAwfX0="
        }
      ]
    },
    {
      "mode": "managed",
      "type": "google_compute_address",
      "name": "vm_internal_ip",
      "provider": "provider[\"registry.terraform.io/hashicorp/google\"]",
      "instances": [
        {
          "index_key": "us-east1",
          "schema_version": 0,
          "attributes": {
            "address": "10.0.0.2",
            "address_type": "INTERNAL",
            "creation_timestamp": "2024-02-24T12:57:21.234-08:00",
            "description": "",
            "id": "projects/big-passage-413523/regions/us-east1/addresses/vm-internal-ip-us-east1",
            "name": "vm-internal-ip-us-east1",
            "network": "",
            "network_tier": "PREMIUM",
            "prefix_length": 0,
            "project": "big-passage-413523",
            "purpose": "GCE_ENDPOINT",
            "region": "us-east1",
            "self_link": "https://www.googleapis.com/compute/v1/projects/big-passage-413523/regions/us-east1/addresses/vm-internal-ip-us-east1",
            "subnetwork": "https://www.googleapis.com/compute/v1/projects/big-passage-413523/regions/us-east1/subnetworks/my-subnet-us-east1",
            "timeouts": null,
            "users": [
              "https://www.googleapis.com/compute/v1/projects/big-passage-413523/zones/us-east1-b/instances/vm-e2-medium-us-east1"
            ]
          },
          "sensitive_attributes": [],
          "private": "eyJlMmJmYjczMC1lY2FhLTExZTYtOGY4OC0zNDM2M2JjN2M0YzAiOnsiY3JlYXRlIjoyNDAwMDAwMDAwMDAsImRlbGV0ZSI6MjQwMDAwMDAwMDAwfX0=",
          "dependencies": [
            "google_compute_network.my_vpc",
            "google_compute_subnetwork.my_subnet"
          ]
        }
      ]
    },
    {
      "mode": "managed",
      "type": "google_compute_firewall",
      "name": "allow_http",
      "provider": "provider[\"registry.terraform.io/hashicorp/google\"]",
      "instances": [
        {
          "index_key": "us-east1",
          "schema_version": 1,
          "attributes": {
            "allow": [
              {
                "ports": [
                  "22"
                ],
                "protocol": "tcp"
              },
              {
                "ports": [
                  "80"
                ],
                "protocol": "tcp"
              }
            ],
            "creation_timestamp": "2024-02-24T12:57:10.150-08:00",
            "deny": [],
            "description": "",
            "destination_ranges": [],
            "direction": "INGRESS",
            "disabled": false,
            "enable_logging": null,
            "id": "projects/big-passage-413523/global/firewalls/allow-http-us-east1",
            "log_config": [],
            "name": "allow-http-us-east1",
            "network": "https://www.googleapis.com/compute/v1/projects/big-passage-413523/global/networks/my-vpc-us-east1",
            "priority": 1000,
            "project": "big-passage-413523",
            "self_link": "https://www.googleapis.com/compute/v1/projects/big-passage-413523/global/firewalls/allow-http-us-east1",
            "source_ranges": [
              "0.0.0.0/0"
            ],
            "source_service_accounts": [],
            "source_tags": [],
            "target_service_accounts": [],
            "target_tags": [
              "pre-prod",
              "prod"
            ],
            "timeouts": null
          },
          "sensitive_attributes": [],
          "private": "eyJlMmJmYjczMC1lY2FhLTExZTYtOGY4OC0zNDM2M2JjN2M0YzAiOnsiY3JlYXRlIjoyNDAwMDAwMDAwMDAsImRlbGV0ZSI6MjQwMDAwMDAwMDAwLCJ1cGRhdGUiOjI0MDAwMDAwMDAwMH0sInNjaGVtYV92ZXJzaW9uIjoiMSJ9",
          "dependencies": [
            "google_compute_network.my_vpc"
          ]
        }
      ]
    },
    {
      "mode": "managed",
      "type": "google_compute_firewall",
      "name": "allow_https",
      "provider": "provider[\"registry.terraform.io/hashicorp/google\"]",
      "instances": [
        {
          "index_key": "us-east1",
          "schema_version": 1,
          "attributes": {
            "allow": [
              {
                "ports": [
                  "443"
                ],
                "protocol": "tcp"
              }
            ],
            "creation_timestamp": "2024-02-24T12:57:10.129-08:00",
            "deny": [],
            "description": "",
            "destination_ranges": [],
            "direction": "INGRESS",
            "disabled": false,
            "enable_logging": null,
            "id": "projects/big-passage-413523/global/firewalls/allow-https-us-east1",
            "log_config": [],
            "name": "allow-https-us-east1",
            "network": "https://www.googleapis.com/compute/v1/projects/big-passage-413523/global/networks/my-vpc-us-east1",
            "priority": 1000,
            "project": "big-passage-413523",
            "self_link": "https://www.googleapis.com/compute/v1/projects/big-passage-413523/global/firewalls/allow-https-us-east1",
            "source_ranges": [
              "0.0.0.0/0"
            ],
            "source_service_accounts": [],
            "source_tags": [],
            "target_service_accounts": [],
            "target_tags": [
              "pre-prod",
              "prod"
            ],
            "timeouts": null
          },
          "sensitive_attributes": [],
          "private": "eyJlMmJmYjczMC1lY2FhLTExZTYtOGY4OC0zNDM2M2JjN2M0YzAiOnsiY3JlYXRlIjoyNDAwMDAwMDAwMDAsImRlbGV0ZSI6MjQwMDAwMDAwMDAwLCJ1cGRhdGUiOjI0MDAwMDAwMDAwMH0sInNjaGVtYV92ZXJzaW9uIjoiMSJ9",
          "dependencies": [
            "google_compute_network.my_vpc"
          ]
        }
      ]
    },
    {
      "mode": "managed",
      "type": "google_compute_instance",
      "name": "vm_instance",
      "provider": "provider[\"registry.terraform.io/hashicorp/google\"]",
      "instances": [
        {
          "index_key": "us-east1",
          "schema_version": 6,
          "attributes": {
            "advanced_machine_features": [],
            "allow_stopping_for_update": null,
            "attached_disk": [],
            "boot_disk": [
              {
                "auto_delete": true,
                "device_name": "persistent-disk-0",
                "disk_encryption_key_raw": "",
                "disk_encryption_key_sha256": "",
                "initialize_params": [
                  {
                    "image": "https://www.googleapis.com/compute/v1/projects/ubuntu-os-cloud/global/images/ubuntu-2004-focal-v20240223",
                    "labels": {},
                    "size": 250,
                    "type": "pd-ssd"
                  }
                ],
                "kms_key_self_link": "",
                "mode": "READ_WRITE",
                "source": "https://www.googleapis.com/compute/v1/projects/big-passage-413523/zones/us-east1-b/disks/vm-e2-medium-us-east1"
              }
            ],
            "can_ip_forward": false,
            "confidential_instance_config": [],
            "cpu_platform": "Intel Broadwell",
            "current_status": "RUNNING",
            "deletion_protection": false,
            "description": "",
            "desired_status": null,
            "enable_display": false,
            "guest_accelerator": [],
            "hostname": "",
            "id": "projects/big-passage-413523/zones/us-east1-b/instances/vm-e2-medium-us-east1",
            "instance_id": "7251881097929680595",
            "label_fingerprint": "42WmSpB8rSM=",
            "labels": {},
            "machine_type": "e2-medium",
            "metadata": {
              "enable-oslogin": "TRUE"
            },
            "metadata_fingerprint": "5QQpmmg7ofk=",
            "metadata_startup_script": "",
            "min_cpu_platform": "",
            "name": "vm-e2-medium-us-east1",
            "network_interface": [
              {
                "access_config": [
                  {
                    "nat_ip": "34.74.244.67",
                    "network_tier": "PREMIUM",
                    "public_ptr_domain_name": ""
                  }
                ],
                "alias_ip_range": [],
                "ipv6_access_config": [],
                "ipv6_access_type": "",
                "name": "nic0",
                "network": "https://www.googleapis.com/compute/v1/projects/big-passage-413523/global/networks/my-vpc-us-east1",
                "network_ip": "10.0.0.2",
                "nic_type": "",
                "stack_type": "IPV4_ONLY",
                "subnetwork": "https://www.googleapis.com/compute/v1/projects/big-passage-413523/regions/us-east1/subnetworks/my-subnet-us-east1",
                "subnetwork_project": "big-passage-413523"
              }
            ],
            "project": "big-passage-413523",
            "reservation_affinity": [],
            "resource_policies": [],
            "scheduling": [
              {
                "automatic_restart": true,
                "min_node_cpus": 0,
                "node_affinities": [],
                "on_host_maintenance": "MIGRATE",
                "preemptible": false
              }
            ],
            "scratch_disk": [],
            "self_link": "https://www.googleapis.com/compute/v1/projects/big-passage-413523/zones/us-east1-b/instances/vm-e2-medium-us-east1",
            "service_account": [],
            "shielded_instance_config": [
              {
                "enable_integrity_monitoring": true,
                "enable_secure_boot": true,
                "enable_vtpm": true
              }
            ],
            "tags": [
              "pre-prod",
              "prod"
            ],
            "tags_fingerprint": "EuCKm7Inhuk=",
            "timeouts": null,
            "zone": "us-east1-b"
          },
          "sensitive_attributes": [],
          "private": "eyJlMmJmYjczMC1lY2FhLTExZTYtOGY4OC0zNDM2M2JjN2M0YzAiOnsiY3JlYXRlIjoxMjAwMDAwMDAwMDAwLCJkZWxldGUiOjEyMDAwMDAwMDAwMDAsInVwZGF0ZSI6MTIwMDAwMDAwMDAwMH0sInNjaGVtYV92ZXJzaW9uIjoiNiJ9",
          "dependencies": [
            "data.google_compute_zones.available",
            "google_compute_address.vm_external_ip",
            "google_compute_address.vm_internal_ip",
            "google_compute_network.my_vpc",
            "google_compute_subnetwork.my_subnet"
          ]
        }
      ]
    },
    {
      "mode": "managed",
      "type": "google_compute_network",
      "name": "my_vpc",
      "provider": "provider[\"registry.terraform.io/hashicorp/google\"]",
      "instances": [
        {
          "index_key": "us-east1",
          "schema_version": 0,
          "attributes": {
            "auto_create_subnetworks": false,
            "delete_default_routes_on_create": false,
            "description": "",
            "gateway_ipv4": "",
            "id": "projects/big-passage-413523/global/networks/my-vpc-us-east1",
            "mtu": 0,
            "name": "my-vpc-us-east1",
            "project": "big-passage-413523",
            "routing_mode": "REGIONAL",
            "self_link": "https://www.googleapis.com/compute/v1/projects/big-passage-413523/global/networks/my-vpc-us-east1",
            "timeouts": null
          },
          "sensitive_attributes": [],
          "private": "eyJlMmJmYjczMC1lY2FhLTExZTYtOGY4OC0zNDM2M2JjN2M0YzAiOnsiY3JlYXRlIjoyNDAwMDAwMDAwMDAsImRlbGV0ZSI6MjQwMDAwMDAwMDAwLCJ1cGRhdGUiOjI0MDAwMDAwMDAwMH19"
        }
      ]
    },
    {
      "mode": "managed",
      "type": "google_compute_subnetwork",
      "name": "my_subnet",
      "provider": "provider[\"registry.terraform.io/hashicorp/google\"]",
      "instances": [
        {
          "index_key": "us-east1",
          "schema_version": 0,
          "attributes": {
            "creation_timestamp": "2024-02-24T12:57:10.346-08:00",
            "description": "",
            "external_ipv6_prefix": "",
            "fingerprint": null,
            "gateway_address": "10.0.0.1",
            "id": "projects/big-passage-413523/regions/us-east1/subnetworks/my-subnet-us-east1",
            "ip_cidr_range": "10.0.0.0/20",
            "ipv6_access_type": "",
            "ipv6_cidr_range": "",
            "log_config": [],
            "name": "my-subnet-us-east1",
            "network": "https://www.googleapis.com/compute/v1/projects/big-passage-413523/global/networks/my-vpc-us-east1",
            "private_ip_google_access": false,
            "private_ipv6_google_access": "DISABLE_GOOGLE_ACCESS",
            "project": "big-passage-413523",
            "purpose": "PRIVATE",
            "region": "us-east1",
            "role": "",
            "secondary_ip_range": [],
            "self_link": "https://www.googleapis.com/compute/v1/projects/big-passage-413523/regions/us-east1/subnetworks/my-subnet-us-east1",
            "stack_type": "IPV4_ONLY",
            "timeouts": null
          },
          "sensitive_attributes": [],
          "private": "eyJlMmJmYjczMC1lY2FhLTExZTYtOGY4OC0zNDM2M2JjN2M0YzAiOnsiY3JlYXRlIjozNjAwMDAwMDAwMDAsImRlbGV0ZSI6MzYwMDAwMDAwMDAwLCJ1cGRhdGUiOjM2MDAwMDAwMDAwMH19",
          "dependencies": [
            "google_compute_network.my_vpc"
          ]
        }
      ]
    }
  ],
  "check_results": null
}
